// !$*UTF8*$!
{
	archiveVersion = 1;
	classes = {
	};
	objectVersion = 46;
	objects = {

/* Begin PBXBuildFile section */
		BE6B079119A4B8FA007A613F /* SampleTooltipViewController.m in Sources */ = {isa = PBXBuildFile; fileRef = BE6B079019A4B8FA007A613F /* SampleTooltipViewController.m */; };
		BE6B079319A4B90F007A613F /* SampleTooltipViewController.xib in Resources */ = {isa = PBXBuildFile; fileRef = BE6B079219A4B90F007A613F /* SampleTooltipViewController.xib */; };
		BED007EB1841396200634561 /* Foundation.framework in Frameworks */ = {isa = PBXBuildFile; fileRef = BED007EA1841396200634561 /* Foundation.framework */; };
		BED007ED1841396200634561 /* CoreGraphics.framework in Frameworks */ = {isa = PBXBuildFile; fileRef = BED007EC1841396200634561 /* CoreGraphics.framework */; };
		BED007EF1841396200634561 /* UIKit.framework in Frameworks */ = {isa = PBXBuildFile; fileRef = BED007EE1841396200634561 /* UIKit.framework */; };
		BED007F51841396200634561 /* InfoPlist.strings in Resources */ = {isa = PBXBuildFile; fileRef = BED007F31841396200634561 /* InfoPlist.strings */; };
		BED007F71841396200634561 /* main.m in Sources */ = {isa = PBXBuildFile; fileRef = BED007F61841396200634561 /* main.m */; };
		BED007FB1841396200634561 /* AppDelegate.m in Sources */ = {isa = PBXBuildFile; fileRef = BED007FA1841396200634561 /* AppDelegate.m */; };
		BED007FE1841396200634561 /* Main.storyboard in Resources */ = {isa = PBXBuildFile; fileRef = BED007FC1841396200634561 /* Main.storyboard */; };
		BED008011841396200634561 /* ViewController.m in Sources */ = {isa = PBXBuildFile; fileRef = BED008001841396200634561 /* ViewController.m */; };
		BED008031841396200634561 /* Images.xcassets in Resources */ = {isa = PBXBuildFile; fileRef = BED008021841396200634561 /* Images.xcassets */; };
		BED00822184139CC00634561 /* SampleSheetViewController.m in Sources */ = {isa = PBXBuildFile; fileRef = BED00820184139CC00634561 /* SampleSheetViewController.m */; };
		BED00823184139CC00634561 /* SampleSheetViewController.xib in Resources */ = {isa = PBXBuildFile; fileRef = BED00821184139CC00634561 /* SampleSheetViewController.xib */; };
		BED0082B184139DB00634561 /* NAModalSheet.m in Sources */ = {isa = PBXBuildFile; fileRef = BED00826184139DB00634561 /* NAModalSheet.m */; };
		BED0082C184139DB00634561 /* UIImage+BoxBlur.m in Sources */ = {isa = PBXBuildFile; fileRef = BED00828184139DB00634561 /* UIImage+BoxBlur.m */; };
		BED0082D184139DB00634561 /* UIImage+screenshot.m in Sources */ = {isa = PBXBuildFile; fileRef = BED0082A184139DB00634561 /* UIImage+screenshot.m */; };
		BED0083118413AFB00634561 /* SampleBottomSheetViewController.m in Sources */ = {isa = PBXBuildFile; fileRef = BED0082F18413AFB00634561 /* SampleBottomSheetViewController.m */; };
		BED0083218413AFB00634561 /* SampleBottomSheetViewController.xib in Resources */ = {isa = PBXBuildFile; fileRef = BED0083018413AFB00634561 /* SampleBottomSheetViewController.xib */; };
		BED0083418413F3500634561 /* Accelerate.framework in Frameworks */ = {isa = PBXBuildFile; fileRef = BED0083318413F3500634561 /* Accelerate.framework */; };
/* End PBXBuildFile section */

/* Begin PBXFileReference section */
		BE6B078F19A4B8FA007A613F /* SampleTooltipViewController.h */ = {isa = PBXFileReference; fileEncoding = 4; lastKnownFileType = sourcecode.c.h; path = SampleTooltipViewController.h; sourceTree = "<group>"; };
		BE6B079019A4B8FA007A613F /* SampleTooltipViewController.m */ = {isa = PBXFileReference; fileEncoding = 4; lastKnownFileType = sourcecode.c.objc; path = SampleTooltipViewController.m; sourceTree = "<group>"; };
		BE6B079219A4B90F007A613F /* SampleTooltipViewController.xib */ = {isa = PBXFileReference; fileEncoding = 4; lastKnownFileType = file.xib; path = SampleTooltipViewController.xib; sourceTree = "<group>"; };
		BED007E71841396200634561 /* NAModalSheetDemo.app */ = {isa = PBXFileReference; explicitFileType = wrapper.application; includeInIndex = 0; path = NAModalSheetDemo.app; sourceTree = BUILT_PRODUCTS_DIR; };
		BED007EA1841396200634561 /* Foundation.framework */ = {isa = PBXFileReference; lastKnownFileType = wrapper.framework; name = Foundation.framework; path = System/Library/Frameworks/Foundation.framework; sourceTree = SDKROOT; };
		BED007EC1841396200634561 /* CoreGraphics.framework */ = {isa = PBXFileReference; lastKnownFileType = wrapper.framework; name = CoreGraphics.framework; path = System/Library/Frameworks/CoreGraphics.framework; sourceTree = SDKROOT; };
		BED007EE1841396200634561 /* UIKit.framework */ = {isa = PBXFileReference; lastKnownFileType = wrapper.framework; name = UIKit.framework; path = System/Library/Frameworks/UIKit.framework; sourceTree = SDKROOT; };
		BED007F21841396200634561 /* NAModalSheetDemo-Info.plist */ = {isa = PBXFileReference; lastKnownFileType = text.plist.xml; path = "NAModalSheetDemo-Info.plist"; sourceTree = "<group>"; };
		BED007F41841396200634561 /* en */ = {isa = PBXFileReference; lastKnownFileType = text.plist.strings; name = en; path = en.lproj/InfoPlist.strings; sourceTree = "<group>"; };
		BED007F61841396200634561 /* main.m */ = {isa = PBXFileReference; lastKnownFileType = sourcecode.c.objc; path = main.m; sourceTree = "<group>"; };
		BED007F81841396200634561 /* NAModalSheetDemo-Prefix.pch */ = {isa = PBXFileReference; lastKnownFileType = sourcecode.c.h; path = "NAModalSheetDemo-Prefix.pch"; sourceTree = "<group>"; };
		BED007F91841396200634561 /* AppDelegate.h */ = {isa = PBXFileReference; lastKnownFileType = sourcecode.c.h; path = AppDelegate.h; sourceTree = "<group>"; };
		BED007FA1841396200634561 /* AppDelegate.m */ = {isa = PBXFileReference; lastKnownFileType = sourcecode.c.objc; path = AppDelegate.m; sourceTree = "<group>"; };
		BED007FD1841396200634561 /* Base */ = {isa = PBXFileReference; lastKnownFileType = file.storyboard; name = Base; path = Base.lproj/Main.storyboard; sourceTree = "<group>"; };
		BED007FF1841396200634561 /* ViewController.h */ = {isa = PBXFileReference; lastKnownFileType = sourcecode.c.h; path = ViewController.h; sourceTree = "<group>"; };
		BED008001841396200634561 /* ViewController.m */ = {isa = PBXFileReference; lastKnownFileType = sourcecode.c.objc; path = ViewController.m; sourceTree = "<group>"; };
		BED008021841396200634561 /* Images.xcassets */ = {isa = PBXFileReference; lastKnownFileType = folder.assetcatalog; path = Images.xcassets; sourceTree = "<group>"; };
		BED008091841396200634561 /* XCTest.framework */ = {isa = PBXFileReference; lastKnownFileType = wrapper.framework; name = XCTest.framework; path = Library/Frameworks/XCTest.framework; sourceTree = DEVELOPER_DIR; };
		BED0081F184139CC00634561 /* SampleSheetViewController.h */ = {isa = PBXFileReference; fileEncoding = 4; lastKnownFileType = sourcecode.c.h; path = SampleSheetViewController.h; sourceTree = "<group>"; };
		BED00820184139CC00634561 /* SampleSheetViewController.m */ = {isa = PBXFileReference; fileEncoding = 4; lastKnownFileType = sourcecode.c.objc; path = SampleSheetViewController.m; sourceTree = "<group>"; };
		BED00821184139CC00634561 /* SampleSheetViewController.xib */ = {isa = PBXFileReference; fileEncoding = 4; lastKnownFileType = file.xib; path = SampleSheetViewController.xib; sourceTree = "<group>"; };
		BED00825184139DB00634561 /* NAModalSheet.h */ = {isa = PBXFileReference; fileEncoding = 4; lastKnownFileType = sourcecode.c.h; path = NAModalSheet.h; sourceTree = "<group>"; };
		BED00826184139DB00634561 /* NAModalSheet.m */ = {isa = PBXFileReference; fileEncoding = 4; lastKnownFileType = sourcecode.c.objc; path = NAModalSheet.m; sourceTree = "<group>"; };
		BED00827184139DB00634561 /* UIImage+BoxBlur.h */ = {isa = PBXFileReference; fileEncoding = 4; lastKnownFileType = sourcecode.c.h; path = "UIImage+BoxBlur.h"; sourceTree = "<group>"; };
		BED00828184139DB00634561 /* UIImage+BoxBlur.m */ = {isa = PBXFileReference; fileEncoding = 4; lastKnownFileType = sourcecode.c.objc; path = "UIImage+BoxBlur.m"; sourceTree = "<group>"; };
		BED00829184139DB00634561 /* UIImage+screenshot.h */ = {isa = PBXFileReference; fileEncoding = 4; lastKnownFileType = sourcecode.c.h; path = "UIImage+screenshot.h"; sourceTree = "<group>"; };
		BED0082A184139DB00634561 /* UIImage+screenshot.m */ = {isa = PBXFileReference; fileEncoding = 4; lastKnownFileType = sourcecode.c.objc; path = "UIImage+screenshot.m"; sourceTree = "<group>"; };
		BED0082E18413AFB00634561 /* SampleBottomSheetViewController.h */ = {isa = PBXFileReference; fileEncoding = 4; lastKnownFileType = sourcecode.c.h; path = SampleBottomSheetViewController.h; sourceTree = "<group>"; };
		BED0082F18413AFB00634561 /* SampleBottomSheetViewController.m */ = {isa = PBXFileReference; fileEncoding = 4; lastKnownFileType = sourcecode.c.objc; path = SampleBottomSheetViewController.m; sourceTree = "<group>"; };
		BED0083018413AFB00634561 /* SampleBottomSheetViewController.xib */ = {isa = PBXFileReference; fileEncoding = 4; lastKnownFileType = file.xib; path = SampleBottomSheetViewController.xib; sourceTree = "<group>"; };
		BED0083318413F3500634561 /* Accelerate.framework */ = {isa = PBXFileReference; lastKnownFileType = wrapper.framework; name = Accelerate.framework; path = System/Library/Frameworks/Accelerate.framework; sourceTree = SDKROOT; };
/* End PBXFileReference section */

/* Begin PBXFrameworksBuildPhase section */
		BED007E41841396200634561 /* Frameworks */ = {
			isa = PBXFrameworksBuildPhase;
			buildActionMask = 2147483647;
			files = (
				BED0083418413F3500634561 /* Accelerate.framework in Frameworks */,
				BED007ED1841396200634561 /* CoreGraphics.framework in Frameworks */,
				BED007EF1841396200634561 /* UIKit.framework in Frameworks */,
				BED007EB1841396200634561 /* Foundation.framework in Frameworks */,
			);
			runOnlyForDeploymentPostprocessing = 0;
		};
/* End PBXFrameworksBuildPhase section */

/* Begin PBXGroup section */
		BEB48CCE18A3A9E600238836 /* iPad */ = {
			isa = PBXGroup;
			children = (
			);
			name = iPad;
			sourceTree = "<group>";
		};
		BED007DE1841396200634561 = {
			isa = PBXGroup;
			children = (
				BED00824184139DB00634561 /* NAModalSheet */,
				BED007F01841396200634561 /* NAModalSheetDemo */,
				BED007E91841396200634561 /* Frameworks */,
				BED007E81841396200634561 /* Products */,
			);
			sourceTree = "<group>";
		};
		BED007E81841396200634561 /* Products */ = {
			isa = PBXGroup;
			children = (
				BED007E71841396200634561 /* NAModalSheetDemo.app */,
			);
			name = Products;
			sourceTree = "<group>";
		};
		BED007E91841396200634561 /* Frameworks */ = {
			isa = PBXGroup;
			children = (
				BED0083318413F3500634561 /* Accelerate.framework */,
				BED007EA1841396200634561 /* Foundation.framework */,
				BED007EC1841396200634561 /* CoreGraphics.framework */,
				BED007EE1841396200634561 /* UIKit.framework */,
				BED008091841396200634561 /* XCTest.framework */,
			);
			name = Frameworks;
			sourceTree = "<group>";
		};
		BED007F01841396200634561 /* NAModalSheetDemo */ = {
			isa = PBXGroup;
			children = (
				BEB48CCE18A3A9E600238836 /* iPad */,
				BED007F91841396200634561 /* AppDelegate.h */,
				BED007FA1841396200634561 /* AppDelegate.m */,
				BED007FC1841396200634561 /* Main.storyboard */,
				BED007FF1841396200634561 /* ViewController.h */,
				BED008001841396200634561 /* ViewController.m */,
				BED0081F184139CC00634561 /* SampleSheetViewController.h */,
				BED00820184139CC00634561 /* SampleSheetViewController.m */,
				BED00821184139CC00634561 /* SampleSheetViewController.xib */,
				BED0082E18413AFB00634561 /* SampleBottomSheetViewController.h */,
				BED0082F18413AFB00634561 /* SampleBottomSheetViewController.m */,
				BED0083018413AFB00634561 /* SampleBottomSheetViewController.xib */,
				BE6B078F19A4B8FA007A613F /* SampleTooltipViewController.h */,
				BE6B079019A4B8FA007A613F /* SampleTooltipViewController.m */,
				BE6B079219A4B90F007A613F /* SampleTooltipViewController.xib */,
				BED008021841396200634561 /* Images.xcassets */,
				BED007F11841396200634561 /* Supporting Files */,
			);
			path = NAModalSheetDemo;
			sourceTree = "<group>";
		};
		BED007F11841396200634561 /* Supporting Files */ = {
			isa = PBXGroup;
			children = (
				BED007F21841396200634561 /* NAModalSheetDemo-Info.plist */,
				BED007F31841396200634561 /* InfoPlist.strings */,
				BED007F61841396200634561 /* main.m */,
				BED007F81841396200634561 /* NAModalSheetDemo-Prefix.pch */,
			);
			name = "Supporting Files";
			sourceTree = "<group>";
		};
		BED00824184139DB00634561 /* NAModalSheet */ = {
			isa = PBXGroup;
			children = (
				BED00825184139DB00634561 /* NAModalSheet.h */,
				BED00826184139DB00634561 /* NAModalSheet.m */,
				BED00827184139DB00634561 /* UIImage+BoxBlur.h */,
				BED00828184139DB00634561 /* UIImage+BoxBlur.m */,
				BED00829184139DB00634561 /* UIImage+screenshot.h */,
				BED0082A184139DB00634561 /* UIImage+screenshot.m */,
			);
			path = NAModalSheet;
			sourceTree = "<group>";
		};
/* End PBXGroup section */

/* Begin PBXNativeTarget section */
		BED007E61841396200634561 /* NAModalSheetDemo */ = {
			isa = PBXNativeTarget;
			buildConfigurationList = BED008191841396200634561 /* Build configuration list for PBXNativeTarget "NAModalSheetDemo" */;
			buildPhases = (
				BED007E31841396200634561 /* Sources */,
				BED007E41841396200634561 /* Frameworks */,
				BED007E51841396200634561 /* Resources */,
			);
			buildRules = (
			);
			dependencies = (
			);
			name = NAModalSheetDemo;
			productName = NAModalSheetDemo;
			productReference = BED007E71841396200634561 /* NAModalSheetDemo.app */;
			productType = "com.apple.product-type.application";
		};
/* End PBXNativeTarget section */

/* Begin PBXProject section */
		BED007DF1841396200634561 /* Project object */ = {
			isa = PBXProject;
			attributes = {
				LastUpgradeCheck = 0500;
				ORGANIZATIONNAME = "Ken Worley";
			};
			buildConfigurationList = BED007E21841396200634561 /* Build configuration list for PBXProject "NAModalSheetDemo" */;
			compatibilityVersion = "Xcode 3.2";
			developmentRegion = English;
			hasScannedForEncodings = 0;
			knownRegions = (
				en,
				Base,
			);
			mainGroup = BED007DE1841396200634561;
			productRefGroup = BED007E81841396200634561 /* Products */;
			projectDirPath = "";
			projectRoot = "";
			targets = (
				BED007E61841396200634561 /* NAModalSheetDemo */,
			);
		};
/* End PBXProject section */

/* Begin PBXResourcesBuildPhase section */
		BED007E51841396200634561 /* Resources */ = {
			isa = PBXResourcesBuildPhase;
			buildActionMask = 2147483647;
			files = (
				BED00823184139CC00634561 /* SampleSheetViewController.xib in Resources */,
				BED008031841396200634561 /* Images.xcassets in Resources */,
				BE6B079319A4B90F007A613F /* SampleTooltipViewController.xib in Resources */,
				BED0083218413AFB00634561 /* SampleBottomSheetViewController.xib in Resources */,
				BED007F51841396200634561 /* InfoPlist.strings in Resources */,
				BED007FE1841396200634561 /* Main.storyboard in Resources */,
			);
			runOnlyForDeploymentPostprocessing = 0;
		};
/* End PBXResourcesBuildPhase section */

/* Begin PBXSourcesBuildPhase section */
		BED007E31841396200634561 /* Sources */ = {
			isa = PBXSourcesBuildPhase;
			buildActionMask = 2147483647;
			files = (
				BED0082C184139DB00634561 /* UIImage+BoxBlur.m in Sources */,
				BED0083118413AFB00634561 /* SampleBottomSheetViewController.m in Sources */,
				BED00822184139CC00634561 /* SampleSheetViewController.m in Sources */,
				BED0082D184139DB00634561 /* UIImage+screenshot.m in Sources */,
				BED008011841396200634561 /* ViewController.m in Sources */,
				BED007FB1841396200634561 /* AppDelegate.m in Sources */,
				BE6B079119A4B8FA007A613F /* SampleTooltipViewController.m in Sources */,
				BED007F71841396200634561 /* main.m in Sources */,
				BED0082B184139DB00634561 /* NAModalSheet.m in Sources */,
			);
			runOnlyForDeploymentPostprocessing = 0;
		};
/* End PBXSourcesBuildPhase section */

/* Begin PBXVariantGroup section */
		BED007F31841396200634561 /* InfoPlist.strings */ = {
			isa = PBXVariantGroup;
			children = (
				BED007F41841396200634561 /* en */,
			);
			name = InfoPlist.strings;
			sourceTree = "<group>";
		};
		BED007FC1841396200634561 /* Main.storyboard */ = {
			isa = PBXVariantGroup;
			children = (
				BED007FD1841396200634561 /* Base */,
			);
			name = Main.storyboard;
			sourceTree = "<group>";
		};
/* End PBXVariantGroup section */

/* Begin XCBuildConfiguration section */
		BED008171841396200634561 /* Debug */ = {
			isa = XCBuildConfiguration;
			buildSettings = {
				ALWAYS_SEARCH_USER_PATHS = NO;
				ARCHS = "$(ARCHS_STANDARD_INCLUDING_64_BIT)";
				CLANG_CXX_LANGUAGE_STANDARD = "gnu++0x";
				CLANG_CXX_LIBRARY = "libc++";
				CLANG_ENABLE_MODULES = YES;
				CLANG_ENABLE_OBJC_ARC = YES;
				CLANG_WARN_BOOL_CONVERSION = YES;
				CLANG_WARN_CONSTANT_CONVERSION = YES;
				CLANG_WARN_DIRECT_OBJC_ISA_USAGE = YES_ERROR;
				CLANG_WARN_EMPTY_BODY = YES;
				CLANG_WARN_ENUM_CONVERSION = YES;
				CLANG_WARN_INT_CONVERSION = YES;
				CLANG_WARN_OBJC_ROOT_CLASS = YES_ERROR;
				CLANG_WARN__DUPLICATE_METHOD_MATCH = YES;
				"CODE_SIGN_IDENTITY[sdk=iphoneos*]" = "iPhone Developer";
				COPY_PHASE_STRIP = NO;
				GCC_C_LANGUAGE_STANDARD = gnu99;
				GCC_DYNAMIC_NO_PIC = NO;
				GCC_OPTIMIZATION_LEVEL = 0;
				GCC_PREPROCESSOR_DEFINITIONS = (
					"DEBUG=1",
					"$(inherited)",
				);
				GCC_SYMBOLS_PRIVATE_EXTERN = NO;
				GCC_WARN_64_TO_32_BIT_CONVERSION = YES;
				GCC_WARN_ABOUT_RETURN_TYPE = YES_ERROR;
				GCC_WARN_UNDECLARED_SELECTOR = YES;
				GCC_WARN_UNINITIALIZED_AUTOS = YES;
				GCC_WARN_UNUSED_FUNCTION = YES;
				GCC_WARN_UNUSED_VARIABLE = YES;
				IPHONEOS_DEPLOYMENT_TARGET = 7.0;
				ONLY_ACTIVE_ARCH = YES;
				SDKROOT = iphoneos;
			};
			name = Debug;
		};
		BED008181841396200634561 /* Release */ = {
			isa = XCBuildConfiguration;
			buildSettings = {
				ALWAYS_SEARCH_USER_PATHS = NO;
				ARCHS = "$(ARCHS_STANDARD_INCLUDING_64_BIT)";
				CLANG_CXX_LANGUAGE_STANDARD = "gnu++0x";
				CLANG_CXX_LIBRARY = "libc++";
				CLANG_ENABLE_MODULES = YES;
				CLANG_ENABLE_OBJC_ARC = YES;
				CLANG_WARN_BOOL_CONVERSION = YES;
				CLANG_WARN_CONSTANT_CONVERSION = YES;
				CLANG_WARN_DIRECT_OBJC_ISA_USAGE = YES_ERROR;
				CLANG_WARN_EMPTY_BODY = YES;
				CLANG_WARN_ENUM_CONVERSION = YES;
				CLANG_WARN_INT_CONVERSION = YES;
				CLANG_WARN_OBJC_ROOT_CLASS = YES_ERROR;
				CLANG_WARN__DUPLICATE_METHOD_MATCH = YES;
				"CODE_SIGN_IDENTITY[sdk=iphoneos*]" = "iPhone Developer";
				COPY_PHASE_STRIP = YES;
				ENABLE_NS_ASSERTIONS = NO;
				GCC_C_LANGUAGE_STANDARD = gnu99;
				GCC_WARN_64_TO_32_BIT_CONVERSION = YES;
				GCC_WARN_ABOUT_RETURN_TYPE = YES_ERROR;
				GCC_WARN_UNDECLARED_SELECTOR = YES;
				GCC_WARN_UNINITIALIZED_AUTOS = YES;
				GCC_WARN_UNUSED_FUNCTION = YES;
				GCC_WARN_UNUSED_VARIABLE = YES;
				IPHONEOS_DEPLOYMENT_TARGET = 7.0;
				SDKROOT = iphoneos;
				VALIDATE_PRODUCT = YES;
			};
			name = Release;
		};
		BED0081A1841396200634561 /* Debug */ = {
			isa = XCBuildConfiguration;
			buildSettings = {
				ASSETCATALOG_COMPILER_APPICON_NAME = AppIcon;
				ASSETCATALOG_COMPILER_LAUNCHIMAGE_NAME = LaunchImage;
				GCC_PRECOMPILE_PREFIX_HEADER = YES;
				GCC_PREFIX_HEADER = "NAModalSheetDemo/NAModalSheetDemo-Prefix.pch";
				INFOPLIST_FILE = "NAModalSheetDemo/NAModalSheetDemo-Info.plist";
				IPHONEOS_DEPLOYMENT_TARGET = 6.1;
				PRODUCT_NAME = "$(TARGET_NAME)";
				TARGETED_DEVICE_FAMILY = "1,2";
				WRAPPER_EXTENSION = app;
			};
			name = Debug;
		};
		BED0081B1841396200634561 /* Release */ = {
			isa = XCBuildConfiguration;
			buildSettings = {
				ASSETCATALOG_COMPILER_APPICON_NAME = AppIcon;
				ASSETCATALOG_COMPILER_LAUNCHIMAGE_NAME = LaunchImage;
				GCC_PRECOMPILE_PREFIX_HEADER = YES;
				GCC_PREFIX_HEADER = "NAModalSheetDemo/NAModalSheetDemo-Prefix.pch";
				INFOPLIST_FILE = "NAModalSheetDemo/NAModalSheetDemo-Info.plist";
				IPHONEOS_DEPLOYMENT_TARGET = 6.1;
				PRODUCT_NAME = "$(TARGET_NAME)";
				TARGETED_DEVICE_FAMILY = "1,2";
				WRAPPER_EXTENSION = app;
			};
			name = Release;
		};
/* End XCBuildConfiguration section */

/* Begin XCConfigurationList section */
		BED007E21841396200634561 /* Build configuration list for PBXProject "NAModalSheetDemo" */ = {
			isa = XCConfigurationList;
			buildConfigurations = (
				BED008171841396200634561 /* Debug */,
				BED008181841396200634561 /* Release */,
			);
			defaultConfigurationIsVisible = 0;
			defaultConfigurationName = Release;
		};
		BED008191841396200634561 /* Build configuration list for PBXNativeTarget "NAModalSheetDemo" */ = {
			isa = XCConfigurationList;
			buildConfigurations = (
				BED0081A1841396200634561 /* Debug */,
				BED0081B1841396200634561 /* Release */,
			);
			defaultConfigurationIsVisible = 0;
			defaultConfigurationName = Release;
		};
/* End XCConfigurationList section */
	};
	rootObject = BED007DF1841396200634561 /* Project object */;
}
